
Microsoft Visual Studio Solution File, Format Version 12.00
# Visual Studio Version 17
VisualStudioVersion = 17.14.36429.23
MinimumVisualStudioVersion = 10.0.40219.1
Project("{2150E333-8FDC-42A3-9474-1A3956D46DE8}") = "Task0", "Task0", "{02EA681E-C7D8-13C7-8484-4AC65E1B71E8}"
EndProject
Project("{FAE04EC0-301F-11D3-BF4B-00C04F79EFBC}") = "Tyuiu.MuliavinIM.Sprint5.Task0.V3", "Tyuiu.MuliavinIM.Sprint5.Task0.V3\Tyuiu.MuliavinIM.Sprint5.Task0.V3.csproj", "{16ED733D-C305-49E4-91B2-2406194A6E77}"
EndProject
Project("{FAE04EC0-301F-11D3-BF4B-00C04F79EFBC}") = "Tyuiu.MuliavinIM.Sprint5.Task0.V3.Lib", "Tyuiu.MuliavinIM.Sprint5.Task0.V3.Lib\Tyuiu.MuliavinIM.Sprint5.Task0.V3.Lib.csproj", "{1B9DD554-DA7A-4E0C-90EA-D9A8C024E7F0}"
EndProject
Project("{FAE04EC0-301F-11D3-BF4B-00C04F79EFBC}") = "Tyuiu.MuliavinIM.Sprint5.Task0.V3.Test", "Tyuiu.MuliavinIM.Sprint5.Task0.V3.Test\Tyuiu.MuliavinIM.Sprint5.Task0.V3.Test.csproj", "{5CF1ABE6-2B0B-468C-BAFC-4AEACA2E70C5}"
EndProject
Project("{2150E333-8FDC-42A3-9474-1A3956D46DE8}") = "Task1", "Task1", "{F74D2685-8F90-4CE1-8D90-F69FCCA01AFF}"
EndProject
Project("{FAE04EC0-301F-11D3-BF4B-00C04F79EFBC}") = "Tyuiu.MuliavinIM.Sprint5.Task1.V4", "Tyuiu.MuliavinIM.Sprint5.Task1.V4\Tyuiu.MuliavinIM.Sprint5.Task1.V4.csproj", "{E34F8282-361A-4E84-87C2-CBCFFB27B70E}"
EndProject
Project("{FAE04EC0-301F-11D3-BF4B-00C04F79EFBC}") = "Tyuiu.MuliavinIM.Sprint5.Task1.V4.Test", "Tyuiu.MuliavinIM.Sprint5.Task1.V4.Test\Tyuiu.MuliavinIM.Sprint5.Task1.V4.Test.csproj", "{03B0B6A4-05B1-4564-925C-1CF4D51B6C36}"
EndProject
Project("{FAE04EC0-301F-11D3-BF4B-00C04F79EFBC}") = "Tyuiu.MuliavinIM.Sprint5.Task1.V4.Lib", "Tyuiu.MuliavinIM.Sprint5.Task1.V4.Lib\Tyuiu.MuliavinIM.Sprint5.Task1.V4.Lib.csproj", "{8B814340-857B-45E5-B483-3FF61DA8FA0F}"
EndProject
Global
	GlobalSection(SolutionConfigurationPlatforms) = preSolution
		Debug|Any CPU = Debug|Any CPU
		Release|Any CPU = Release|Any CPU
	EndGlobalSection
	GlobalSection(ProjectConfigurationPlatforms) = postSolution
		{16ED733D-C305-49E4-91B2-2406194A6E77}.Debug|Any CPU.ActiveCfg = Debug|Any CPU
		{16ED733D-C305-49E4-91B2-2406194A6E77}.Debug|Any CPU.Build.0 = Debug|Any CPU
		{16ED733D-C305-49E4-91B2-2406194A6E77}.Release|Any CPU.ActiveCfg = Release|Any CPU
		{16ED733D-C305-49E4-91B2-2406194A6E77}.Release|Any CPU.Build.0 = Release|Any CPU
		{1B9DD554-DA7A-4E0C-90EA-D9A8C024E7F0}.Debug|Any CPU.ActiveCfg = Debug|Any CPU
		{1B9DD554-DA7A-4E0C-90EA-D9A8C024E7F0}.Debug|Any CPU.Build.0 = Debug|Any CPU
		{1B9DD554-DA7A-4E0C-90EA-D9A8C024E7F0}.Release|Any CPU.ActiveCfg = Release|Any CPU
		{1B9DD554-DA7A-4E0C-90EA-D9A8C024E7F0}.Release|Any CPU.Build.0 = Release|Any CPU
		{5CF1ABE6-2B0B-468C-BAFC-4AEACA2E70C5}.Debug|Any CPU.ActiveCfg = Debug|Any CPU
		{5CF1ABE6-2B0B-468C-BAFC-4AEACA2E70C5}.Debug|Any CPU.Build.0 = Debug|Any CPU
		{5CF1ABE6-2B0B-468C-BAFC-4AEACA2E70C5}.Release|Any CPU.ActiveCfg = Release|Any CPU
		{5CF1ABE6-2B0B-468C-BAFC-4AEACA2E70C5}.Release|Any CPU.Build.0 = Release|Any CPU
		{E34F8282-361A-4E84-87C2-CBCFFB27B70E}.Debug|Any CPU.ActiveCfg = Debug|Any CPU
		{E34F8282-361A-4E84-87C2-CBCFFB27B70E}.Debug|Any CPU.Build.0 = Debug|Any CPU
		{E34F8282-361A-4E84-87C2-CBCFFB27B70E}.Release|Any CPU.ActiveCfg = Release|Any CPU
		{E34F8282-361A-4E84-87C2-CBCFFB27B70E}.Release|Any CPU.Build.0 = Release|Any CPU
		{03B0B6A4-05B1-4564-925C-1CF4D51B6C36}.Debug|Any CPU.ActiveCfg = Debug|Any CPU
		{03B0B6A4-05B1-4564-925C-1CF4D51B6C36}.Debug|Any CPU.Build.0 = Debug|Any CPU
		{03B0B6A4-05B1-4564-925C-1CF4D51B6C36}.Release|Any CPU.ActiveCfg = Release|Any CPU
		{03B0B6A4-05B1-4564-925C-1CF4D51B6C36}.Release|Any CPU.Build.0 = Release|Any CPU
		{8B814340-857B-45E5-B483-3FF61DA8FA0F}.Debug|Any CPU.ActiveCfg = Debug|Any CPU
		{8B814340-857B-45E5-B483-3FF61DA8FA0F}.Debug|Any CPU.Build.0 = Debug|Any CPU
		{8B814340-857B-45E5-B483-3FF61DA8FA0F}.Release|Any CPU.ActiveCfg = Release|Any CPU
		{8B814340-857B-45E5-B483-3FF61DA8FA0F}.Release|Any CPU.Build.0 = Release|Any CPU
	EndGlobalSection
	GlobalSection(SolutionProperties) = preSolution
		HideSolutionNode = FALSE
	EndGlobalSection
	GlobalSection(NestedProjects) = preSolution
		{16ED733D-C305-49E4-91B2-2406194A6E77} = {02EA681E-C7D8-13C7-8484-4AC65E1B71E8}
		{1B9DD554-DA7A-4E0C-90EA-D9A8C024E7F0} = {02EA681E-C7D8-13C7-8484-4AC65E1B71E8}
		{5CF1ABE6-2B0B-468C-BAFC-4AEACA2E70C5} = {02EA681E-C7D8-13C7-8484-4AC65E1B71E8}
		{E34F8282-361A-4E84-87C2-CBCFFB27B70E} = {F74D2685-8F90-4CE1-8D90-F69FCCA01AFF}
		{03B0B6A4-05B1-4564-925C-1CF4D51B6C36} = {F74D2685-8F90-4CE1-8D90-F69FCCA01AFF}
		{8B814340-857B-45E5-B483-3FF61DA8FA0F} = {F74D2685-8F90-4CE1-8D90-F69FCCA01AFF}
	EndGlobalSection
	GlobalSection(ExtensibilityGlobals) = postSolution
		SolutionGuid = {E2D6F54F-DA89-4CD7-BA93-BB1C6A7DA5F3}
	EndGlobalSection
EndGlobal
