
Microsoft Visual Studio Solution File, Format Version 12.00
# Visual Studio Version 17
VisualStudioVersion = 17.14.36429.23
MinimumVisualStudioVersion = 10.0.40219.1
Project("{2150E333-8FDC-42A3-9474-1A3956D46DE8}") = "Task0", "Task0", "{02EA681E-C7D8-13C7-8484-4AC65E1B71E8}"
EndProject
Project("{FAE04EC0-301F-11D3-BF4B-00C04F79EFBC}") = "Tyuiu.MuliavinIM.Sprint5.Task0.V3", "Tyuiu.MuliavinIM.Sprint5.Task0.V3\Tyuiu.MuliavinIM.Sprint5.Task0.V3.csproj", "{16ED733D-C305-49E4-91B2-2406194A6E77}"
EndProject
Project("{FAE04EC0-301F-11D3-BF4B-00C04F79EFBC}") = "Tyuiu.MuliavinIM.Sprint5.Task0.V3.Lib", "Tyuiu.MuliavinIM.Sprint5.Task0.V3.Lib\Tyuiu.MuliavinIM.Sprint5.Task0.V3.Lib.csproj", "{1B9DD554-DA7A-4E0C-90EA-D9A8C024E7F0}"
EndProject
Project("{FAE04EC0-301F-11D3-BF4B-00C04F79EFBC}") = "Tyuiu.MuliavinIM.Sprint5.Task0.V3.Test", "Tyuiu.MuliavinIM.Sprint5.Task0.V3.Test\Tyuiu.MuliavinIM.Sprint5.Task0.V3.Test.csproj", "{5CF1ABE6-2B0B-468C-BAFC-4AEACA2E70C5}"
EndProject
Project("{2150E333-8FDC-42A3-9474-1A3956D46DE8}") = "Task1", "Task1", "{F74D2685-8F90-4CE1-8D90-F69FCCA01AFF}"
EndProject
Project("{FAE04EC0-301F-11D3-BF4B-00C04F79EFBC}") = "Tyuiu.MuliavinIM.Sprint5.Task1.V4", "Tyuiu.MuliavinIM.Sprint5.Task1.V4\Tyuiu.MuliavinIM.Sprint5.Task1.V4.csproj", "{E34F8282-361A-4E84-87C2-CBCFFB27B70E}"
EndProject
Project("{FAE04EC0-301F-11D3-BF4B-00C04F79EFBC}") = "Tyuiu.MuliavinIM.Sprint5.Task1.V4.Test", "Tyuiu.MuliavinIM.Sprint5.Task1.V4.Test\Tyuiu.MuliavinIM.Sprint5.Task1.V4.Test.csproj", "{03B0B6A4-05B1-4564-925C-1CF4D51B6C36}"
EndProject
Project("{FAE04EC0-301F-11D3-BF4B-00C04F79EFBC}") = "Tyuiu.MuliavinIM.Sprint5.Task1.V4.Lib", "Tyuiu.MuliavinIM.Sprint5.Task1.V4.Lib\Tyuiu.MuliavinIM.Sprint5.Task1.V4.Lib.csproj", "{8B814340-857B-45E5-B483-3FF61DA8FA0F}"
EndProject
Project("{2150E333-8FDC-42A3-9474-1A3956D46DE8}") = "Task2", "Task2", "{4BE45DC0-836E-4BE7-9D73-4348AECEE68E}"
EndProject
Project("{FAE04EC0-301F-11D3-BF4B-00C04F79EFBC}") = "Tyuiu.MuliavinIM.Sprint5.Task2.V29", "Tyuiu.MuliavinIM.Sprint5.Task2.V29\Tyuiu.MuliavinIM.Sprint5.Task2.V29.csproj", "{00FB3EE4-63F4-4418-A41B-C60C37F3A0A4}"
EndProject
Project("{FAE04EC0-301F-11D3-BF4B-00C04F79EFBC}") = "Tyuiu.MuliavinIM.Sprint5.Task2.V29.Test", "Tyuiu.MuliavinIM.Sprint5.Task2.V29.Test\Tyuiu.MuliavinIM.Sprint5.Task2.V29.Test.csproj", "{98353143-3F9A-472F-B1FB-8B048546835D}"
EndProject
Project("{FAE04EC0-301F-11D3-BF4B-00C04F79EFBC}") = "Tyuiu.MuliavinIM.Sprint5.Task2.V29.Lib", "Tyuiu.MuliavinIM.Sprint5.Task2.V29.Lib\Tyuiu.MuliavinIM.Sprint5.Task2.V29.Lib.csproj", "{6F6032D5-6BE2-4D48-9CE8-79158CA18E5F}"
EndProject
Project("{2150E333-8FDC-42A3-9474-1A3956D46DE8}") = "Task3", "Task3", "{5203EFE3-4113-4D73-9720-C92A3BBE8264}"
EndProject
Project("{FAE04EC0-301F-11D3-BF4B-00C04F79EFBC}") = "Tyuiu.MuliavinIM.Sprint5.Task3.V27", "Tyuiu.MuliavinIM.Sprint5.Task3.V27\Tyuiu.MuliavinIM.Sprint5.Task3.V27.csproj", "{977F5BC1-F427-4DE5-B96E-FD5F37C1E28A}"
EndProject
Project("{FAE04EC0-301F-11D3-BF4B-00C04F79EFBC}") = "Tyuiu.MuliavinIM.Sprint5.Task3.V27.Test", "Tyuiu.MuliavinIM.Sprint5.Task3.V27.Test\Tyuiu.MuliavinIM.Sprint5.Task3.V27.Test.csproj", "{DABD5900-A77C-488F-B3A0-18C1B0C5C004}"
EndProject
Project("{FAE04EC0-301F-11D3-BF4B-00C04F79EFBC}") = "Tyuiu.MuliavinIM.Sprint5.Task3.V27.Lib", "Tyuiu.MuliavinIM.Sprint5.Task3.V27.Lib\Tyuiu.MuliavinIM.Sprint5.Task3.V27.Lib.csproj", "{8E5254F6-9386-4146-BD41-10ABED033340}"
EndProject
Project("{2150E333-8FDC-42A3-9474-1A3956D46DE8}") = "Task4", "Task4", "{6C522D09-C256-4098-B6B6-7C32D98D61BD}"
EndProject
Project("{FAE04EC0-301F-11D3-BF4B-00C04F79EFBC}") = "Tyuiu.MuliavinIM.Sprint5.Task4.V10", "Tyuiu.MuliavinIM.Sprint5.Task4.V10\Tyuiu.MuliavinIM.Sprint5.Task4.V10.csproj", "{BE822308-000D-4BA8-824A-45FFB3E89E25}"
EndProject
Project("{FAE04EC0-301F-11D3-BF4B-00C04F79EFBC}") = "Tyuiu.MuliavinIM.Sprint5.Task4.V10.Lib", "Tyuiu.MuliavinIM.Sprint5.Task4.V10.Lib\Tyuiu.MuliavinIM.Sprint5.Task4.V10.Lib.csproj", "{CC949565-B046-42A9-9D34-CCB591AB5B76}"
EndProject
Project("{FAE04EC0-301F-11D3-BF4B-00C04F79EFBC}") = "Tyuiu.MuliavinIM.Sprint5.Task4.V10.Test", "Tyuiu.MuliavinIM.Sprint5.Task4.V10.Test\Tyuiu.MuliavinIM.Sprint5.Task4.V10.Test.csproj", "{3D001814-F90F-4F98-B2EE-200CB04C2214}"
EndProject
Global
	GlobalSection(SolutionConfigurationPlatforms) = preSolution
		Debug|Any CPU = Debug|Any CPU
		Release|Any CPU = Release|Any CPU
	EndGlobalSection
	GlobalSection(ProjectConfigurationPlatforms) = postSolution
		{16ED733D-C305-49E4-91B2-2406194A6E77}.Debug|Any CPU.ActiveCfg = Debug|Any CPU
		{16ED733D-C305-49E4-91B2-2406194A6E77}.Debug|Any CPU.Build.0 = Debug|Any CPU
		{16ED733D-C305-49E4-91B2-2406194A6E77}.Release|Any CPU.ActiveCfg = Release|Any CPU
		{16ED733D-C305-49E4-91B2-2406194A6E77}.Release|Any CPU.Build.0 = Release|Any CPU
		{1B9DD554-DA7A-4E0C-90EA-D9A8C024E7F0}.Debug|Any CPU.ActiveCfg = Debug|Any CPU
		{1B9DD554-DA7A-4E0C-90EA-D9A8C024E7F0}.Debug|Any CPU.Build.0 = Debug|Any CPU
		{1B9DD554-DA7A-4E0C-90EA-D9A8C024E7F0}.Release|Any CPU.ActiveCfg = Release|Any CPU
		{1B9DD554-DA7A-4E0C-90EA-D9A8C024E7F0}.Release|Any CPU.Build.0 = Release|Any CPU
		{5CF1ABE6-2B0B-468C-BAFC-4AEACA2E70C5}.Debug|Any CPU.ActiveCfg = Debug|Any CPU
		{5CF1ABE6-2B0B-468C-BAFC-4AEACA2E70C5}.Debug|Any CPU.Build.0 = Debug|Any CPU
		{5CF1ABE6-2B0B-468C-BAFC-4AEACA2E70C5}.Release|Any CPU.ActiveCfg = Release|Any CPU
		{5CF1ABE6-2B0B-468C-BAFC-4AEACA2E70C5}.Release|Any CPU.Build.0 = Release|Any CPU
		{E34F8282-361A-4E84-87C2-CBCFFB27B70E}.Debug|Any CPU.ActiveCfg = Debug|Any CPU
		{E34F8282-361A-4E84-87C2-CBCFFB27B70E}.Debug|Any CPU.Build.0 = Debug|Any CPU
		{E34F8282-361A-4E84-87C2-CBCFFB27B70E}.Release|Any CPU.ActiveCfg = Release|Any CPU
		{E34F8282-361A-4E84-87C2-CBCFFB27B70E}.Release|Any CPU.Build.0 = Release|Any CPU
		{03B0B6A4-05B1-4564-925C-1CF4D51B6C36}.Debug|Any CPU.ActiveCfg = Debug|Any CPU
		{03B0B6A4-05B1-4564-925C-1CF4D51B6C36}.Debug|Any CPU.Build.0 = Debug|Any CPU
		{03B0B6A4-05B1-4564-925C-1CF4D51B6C36}.Release|Any CPU.ActiveCfg = Release|Any CPU
		{03B0B6A4-05B1-4564-925C-1CF4D51B6C36}.Release|Any CPU.Build.0 = Release|Any CPU
		{8B814340-857B-45E5-B483-3FF61DA8FA0F}.Debug|Any CPU.ActiveCfg = Debug|Any CPU
		{8B814340-857B-45E5-B483-3FF61DA8FA0F}.Debug|Any CPU.Build.0 = Debug|Any CPU
		{8B814340-857B-45E5-B483-3FF61DA8FA0F}.Release|Any CPU.ActiveCfg = Release|Any CPU
		{8B814340-857B-45E5-B483-3FF61DA8FA0F}.Release|Any CPU.Build.0 = Release|Any CPU
		{00FB3EE4-63F4-4418-A41B-C60C37F3A0A4}.Debug|Any CPU.ActiveCfg = Debug|Any CPU
		{00FB3EE4-63F4-4418-A41B-C60C37F3A0A4}.Debug|Any CPU.Build.0 = Debug|Any CPU
		{00FB3EE4-63F4-4418-A41B-C60C37F3A0A4}.Release|Any CPU.ActiveCfg = Release|Any CPU
		{00FB3EE4-63F4-4418-A41B-C60C37F3A0A4}.Release|Any CPU.Build.0 = Release|Any CPU
		{98353143-3F9A-472F-B1FB-8B048546835D}.Debug|Any CPU.ActiveCfg = Debug|Any CPU
		{98353143-3F9A-472F-B1FB-8B048546835D}.Debug|Any CPU.Build.0 = Debug|Any CPU
		{98353143-3F9A-472F-B1FB-8B048546835D}.Release|Any CPU.ActiveCfg = Release|Any CPU
		{98353143-3F9A-472F-B1FB-8B048546835D}.Release|Any CPU.Build.0 = Release|Any CPU
		{6F6032D5-6BE2-4D48-9CE8-79158CA18E5F}.Debug|Any CPU.ActiveCfg = Debug|Any CPU
		{6F6032D5-6BE2-4D48-9CE8-79158CA18E5F}.Debug|Any CPU.Build.0 = Debug|Any CPU
		{6F6032D5-6BE2-4D48-9CE8-79158CA18E5F}.Release|Any CPU.ActiveCfg = Release|Any CPU
		{6F6032D5-6BE2-4D48-9CE8-79158CA18E5F}.Release|Any CPU.Build.0 = Release|Any CPU
		{977F5BC1-F427-4DE5-B96E-FD5F37C1E28A}.Debug|Any CPU.ActiveCfg = Debug|Any CPU
		{977F5BC1-F427-4DE5-B96E-FD5F37C1E28A}.Debug|Any CPU.Build.0 = Debug|Any CPU
		{977F5BC1-F427-4DE5-B96E-FD5F37C1E28A}.Release|Any CPU.ActiveCfg = Release|Any CPU
		{977F5BC1-F427-4DE5-B96E-FD5F37C1E28A}.Release|Any CPU.Build.0 = Release|Any CPU
		{DABD5900-A77C-488F-B3A0-18C1B0C5C004}.Debug|Any CPU.ActiveCfg = Debug|Any CPU
		{DABD5900-A77C-488F-B3A0-18C1B0C5C004}.Debug|Any CPU.Build.0 = Debug|Any CPU
		{DABD5900-A77C-488F-B3A0-18C1B0C5C004}.Release|Any CPU.ActiveCfg = Release|Any CPU
		{DABD5900-A77C-488F-B3A0-18C1B0C5C004}.Release|Any CPU.Build.0 = Release|Any CPU
		{8E5254F6-9386-4146-BD41-10ABED033340}.Debug|Any CPU.ActiveCfg = Debug|Any CPU
		{8E5254F6-9386-4146-BD41-10ABED033340}.Debug|Any CPU.Build.0 = Debug|Any CPU
		{8E5254F6-9386-4146-BD41-10ABED033340}.Release|Any CPU.ActiveCfg = Release|Any CPU
		{8E5254F6-9386-4146-BD41-10ABED033340}.Release|Any CPU.Build.0 = Release|Any CPU
		{BE822308-000D-4BA8-824A-45FFB3E89E25}.Debug|Any CPU.ActiveCfg = Debug|Any CPU
		{BE822308-000D-4BA8-824A-45FFB3E89E25}.Debug|Any CPU.Build.0 = Debug|Any CPU
		{BE822308-000D-4BA8-824A-45FFB3E89E25}.Release|Any CPU.ActiveCfg = Release|Any CPU
		{BE822308-000D-4BA8-824A-45FFB3E89E25}.Release|Any CPU.Build.0 = Release|Any CPU
		{CC949565-B046-42A9-9D34-CCB591AB5B76}.Debug|Any CPU.ActiveCfg = Debug|Any CPU
		{CC949565-B046-42A9-9D34-CCB591AB5B76}.Debug|Any CPU.Build.0 = Debug|Any CPU
		{CC949565-B046-42A9-9D34-CCB591AB5B76}.Release|Any CPU.ActiveCfg = Release|Any CPU
		{CC949565-B046-42A9-9D34-CCB591AB5B76}.Release|Any CPU.Build.0 = Release|Any CPU
		{3D001814-F90F-4F98-B2EE-200CB04C2214}.Debug|Any CPU.ActiveCfg = Debug|Any CPU
		{3D001814-F90F-4F98-B2EE-200CB04C2214}.Debug|Any CPU.Build.0 = Debug|Any CPU
		{3D001814-F90F-4F98-B2EE-200CB04C2214}.Release|Any CPU.ActiveCfg = Release|Any CPU
		{3D001814-F90F-4F98-B2EE-200CB04C2214}.Release|Any CPU.Build.0 = Release|Any CPU
	EndGlobalSection
	GlobalSection(SolutionProperties) = preSolution
		HideSolutionNode = FALSE
	EndGlobalSection
	GlobalSection(NestedProjects) = preSolution
		{16ED733D-C305-49E4-91B2-2406194A6E77} = {02EA681E-C7D8-13C7-8484-4AC65E1B71E8}
		{1B9DD554-DA7A-4E0C-90EA-D9A8C024E7F0} = {02EA681E-C7D8-13C7-8484-4AC65E1B71E8}
		{5CF1ABE6-2B0B-468C-BAFC-4AEACA2E70C5} = {02EA681E-C7D8-13C7-8484-4AC65E1B71E8}
		{E34F8282-361A-4E84-87C2-CBCFFB27B70E} = {F74D2685-8F90-4CE1-8D90-F69FCCA01AFF}
		{03B0B6A4-05B1-4564-925C-1CF4D51B6C36} = {F74D2685-8F90-4CE1-8D90-F69FCCA01AFF}
		{8B814340-857B-45E5-B483-3FF61DA8FA0F} = {F74D2685-8F90-4CE1-8D90-F69FCCA01AFF}
		{00FB3EE4-63F4-4418-A41B-C60C37F3A0A4} = {4BE45DC0-836E-4BE7-9D73-4348AECEE68E}
		{98353143-3F9A-472F-B1FB-8B048546835D} = {4BE45DC0-836E-4BE7-9D73-4348AECEE68E}
		{6F6032D5-6BE2-4D48-9CE8-79158CA18E5F} = {4BE45DC0-836E-4BE7-9D73-4348AECEE68E}
		{977F5BC1-F427-4DE5-B96E-FD5F37C1E28A} = {5203EFE3-4113-4D73-9720-C92A3BBE8264}
		{DABD5900-A77C-488F-B3A0-18C1B0C5C004} = {5203EFE3-4113-4D73-9720-C92A3BBE8264}
		{8E5254F6-9386-4146-BD41-10ABED033340} = {5203EFE3-4113-4D73-9720-C92A3BBE8264}
		{BE822308-000D-4BA8-824A-45FFB3E89E25} = {6C522D09-C256-4098-B6B6-7C32D98D61BD}
		{CC949565-B046-42A9-9D34-CCB591AB5B76} = {6C522D09-C256-4098-B6B6-7C32D98D61BD}
		{3D001814-F90F-4F98-B2EE-200CB04C2214} = {6C522D09-C256-4098-B6B6-7C32D98D61BD}
	EndGlobalSection
	GlobalSection(ExtensibilityGlobals) = postSolution
		SolutionGuid = {E2D6F54F-DA89-4CD7-BA93-BB1C6A7DA5F3}
	EndGlobalSection
EndGlobal
